
Microsoft Visual Studio Solution File, Format Version 12.00
# Visual Studio Version 16
VisualStudioVersion = 16.0.30011.22
MinimumVisualStudioVersion = 10.0.40219.1
Project("{FAE04EC0-301F-11D3-BF4B-00C04F79EFBC}") = "Slutprojektet", "Slutprojektet.csproj", "{1EF060FB-6EFA-4782-8E51-D2AE72C091B7}"
EndProject
Global
	GlobalSection(SolutionConfigurationPlatforms) = preSolution
		Debug|Any CPU = Debug|Any CPU
		Release|Any CPU = Release|Any CPU
	EndGlobalSection
	GlobalSection(ProjectConfigurationPlatforms) = postSolution
		{1EF060FB-6EFA-4782-8E51-D2AE72C091B7}.Debug|Any CPU.ActiveCfg = Debug|Any CPU
		{1EF060FB-6EFA-4782-8E51-D2AE72C091B7}.Debug|Any CPU.Build.0 = Debug|Any CPU
		{1EF060FB-6EFA-4782-8E51-D2AE72C091B7}.Release|Any CPU.ActiveCfg = Release|Any CPU
		{1EF060FB-6EFA-4782-8E51-D2AE72C091B7}.Release|Any CPU.Build.0 = Release|Any CPU
	EndGlobalSection
	GlobalSection(SolutionProperties) = preSolution
		HideSolutionNode = FALSE
	EndGlobalSection
	GlobalSection(ExtensibilityGlobals) = postSolution
		SolutionGuid = {BB4ABCC7-7907-4FC2-B461-C5FD74A9E45B}
	EndGlobalSection
EndGlobal
